
Microsoft Visual Studio Solution File, Format Version 12.00
# Visual Studio Version 16
VisualStudioVersion = 16.0.30621.155
MinimumVisualStudioVersion = 10.0.40219.1
Project("{FAE04EC0-301F-11D3-BF4B-00C04F79EFBC}") = "PSaula4ex", "PSaula4ex\PSaula4ex.csproj", "{16377183-C687-4EB2-90C2-F0F50559E444}"
EndProject
Global
	GlobalSection(SolutionConfigurationPlatforms) = preSolution
		Debug|Any CPU = Debug|Any CPU
		Release|Any CPU = Release|Any CPU
	EndGlobalSection
	GlobalSection(ProjectConfigurationPlatforms) = postSolution
		{16377183-C687-4EB2-90C2-F0F50559E444}.Debug|Any CPU.ActiveCfg = Debug|Any CPU
		{16377183-C687-4EB2-90C2-F0F50559E444}.Debug|Any CPU.Build.0 = Debug|Any CPU
		{16377183-C687-4EB2-90C2-F0F50559E444}.Release|Any CPU.ActiveCfg = Release|Any CPU
		{16377183-C687-4EB2-90C2-F0F50559E444}.Release|Any CPU.Build.0 = Release|Any CPU
	EndGlobalSection
	GlobalSection(SolutionProperties) = preSolution
		HideSolutionNode = FALSE
	EndGlobalSection
	GlobalSection(ExtensibilityGlobals) = postSolution
		SolutionGuid = {EFDDEEA3-F744-4788-8CE1-F27670EB68D6}
	EndGlobalSection
EndGlobal
